
Microsoft Visual Studio Solution File, Format Version 12.00
# Visual Studio Version 16
VisualStudioVersion = 16.0.29905.134
MinimumVisualStudioVersion = 10.0.40219.1
Project("{FAE04EC0-301F-11D3-BF4B-00C04F79EFBC}") = "Csv.Lib", "Csv.Lib\Csv.Lib.csproj", "{069D595A-FDE7-487E-B45C-9929C46B0CA0}"
EndProject
Project("{FAE04EC0-301F-11D3-BF4B-00C04F79EFBC}") = "Csv.Tests", "Csv.Tests\Csv.Tests.csproj", "{3EC7F7F3-FF0D-4CB1-BFE6-BFE07DB2A8B0}"
EndProject
Project("{FAE04EC0-301F-11D3-BF4B-00C04F79EFBC}") = "Csv.TestsDomain", "Csv.TestsDomain\Csv.TestsDomain.csproj", "{83231065-D5A5-46AB-B123-32FACB83B611}"
EndProject
Project("{FAE04EC0-301F-11D3-BF4B-00C04F79EFBC}") = "Csv.TestsConsoleApp", "Csv.TestsConsoleApp\Csv.TestsConsoleApp.csproj", "{161F6F0A-3998-4141-89CE-5B4D5B9F6D02}"
EndProject
Global
	GlobalSection(SolutionConfigurationPlatforms) = preSolution
		Debug|Any CPU = Debug|Any CPU
		Release|Any CPU = Release|Any CPU
	EndGlobalSection
	GlobalSection(ProjectConfigurationPlatforms) = postSolution
		{069D595A-FDE7-487E-B45C-9929C46B0CA0}.Debug|Any CPU.ActiveCfg = Debug|Any CPU
		{069D595A-FDE7-487E-B45C-9929C46B0CA0}.Debug|Any CPU.Build.0 = Debug|Any CPU
		{069D595A-FDE7-487E-B45C-9929C46B0CA0}.Release|Any CPU.ActiveCfg = Release|Any CPU
		{069D595A-FDE7-487E-B45C-9929C46B0CA0}.Release|Any CPU.Build.0 = Release|Any CPU
		{3EC7F7F3-FF0D-4CB1-BFE6-BFE07DB2A8B0}.Debug|Any CPU.ActiveCfg = Debug|Any CPU
		{3EC7F7F3-FF0D-4CB1-BFE6-BFE07DB2A8B0}.Debug|Any CPU.Build.0 = Debug|Any CPU
		{3EC7F7F3-FF0D-4CB1-BFE6-BFE07DB2A8B0}.Release|Any CPU.ActiveCfg = Release|Any CPU
		{3EC7F7F3-FF0D-4CB1-BFE6-BFE07DB2A8B0}.Release|Any CPU.Build.0 = Release|Any CPU
		{83231065-D5A5-46AB-B123-32FACB83B611}.Debug|Any CPU.ActiveCfg = Debug|Any CPU
		{83231065-D5A5-46AB-B123-32FACB83B611}.Debug|Any CPU.Build.0 = Debug|Any CPU
		{83231065-D5A5-46AB-B123-32FACB83B611}.Release|Any CPU.ActiveCfg = Release|Any CPU
		{83231065-D5A5-46AB-B123-32FACB83B611}.Release|Any CPU.Build.0 = Release|Any CPU
		{161F6F0A-3998-4141-89CE-5B4D5B9F6D02}.Debug|Any CPU.ActiveCfg = Debug|Any CPU
		{161F6F0A-3998-4141-89CE-5B4D5B9F6D02}.Debug|Any CPU.Build.0 = Debug|Any CPU
		{161F6F0A-3998-4141-89CE-5B4D5B9F6D02}.Release|Any CPU.ActiveCfg = Release|Any CPU
		{161F6F0A-3998-4141-89CE-5B4D5B9F6D02}.Release|Any CPU.Build.0 = Release|Any CPU
	EndGlobalSection
	GlobalSection(SolutionProperties) = preSolution
		HideSolutionNode = FALSE
	EndGlobalSection
	GlobalSection(ExtensibilityGlobals) = postSolution
		SolutionGuid = {C6620DE6-77D5-42A3-B3B7-888E296A9A6A}
	EndGlobalSection
EndGlobal
